
Microsoft Visual Studio Solution File, Format Version 12.00
# Visual Studio Version 17
VisualStudioVersion = 17.9.34701.34
MinimumVisualStudioVersion = 10.0.40219.1
Project("{9A19103F-16F7-4668-BE54-9A1E7A4F7556}") = "Market", "Market\Market.csproj", "{2DE57139-CCDF-467E-BC8F-2E4A7CC413BC}"
EndProject
Project("{FAE04EC0-301F-11D3-BF4B-00C04F79EFBC}") = "Contracts", "Contracts\Contracts.csproj", "{AAD80F88-E221-469E-804C-CD55E58207ED}"
EndProject
Project("{FAE04EC0-301F-11D3-BF4B-00C04F79EFBC}") = "LoggerService", "LoggerService\LoggerService.csproj", "{9005B639-24A6-4E42-9881-6FD49BCE4FB9}"
EndProject
Project("{FAE04EC0-301F-11D3-BF4B-00C04F79EFBC}") = "Entities", "Entities\Entities.csproj", "{99C27AAC-9E80-4AD1-9606-DBCA2E62E0FD}"
EndProject
Project("{FAE04EC0-301F-11D3-BF4B-00C04F79EFBC}") = "Repository", "Repository\Repository.csproj", "{90EEE1AD-7F9B-4D08-BE05-B3F6E31148EE}"
EndProject
Global
	GlobalSection(SolutionConfigurationPlatforms) = preSolution
		Debug|Any CPU = Debug|Any CPU
		Release|Any CPU = Release|Any CPU
	EndGlobalSection
	GlobalSection(ProjectConfigurationPlatforms) = postSolution
		{2DE57139-CCDF-467E-BC8F-2E4A7CC413BC}.Debug|Any CPU.ActiveCfg = Debug|Any CPU
		{2DE57139-CCDF-467E-BC8F-2E4A7CC413BC}.Debug|Any CPU.Build.0 = Debug|Any CPU
		{2DE57139-CCDF-467E-BC8F-2E4A7CC413BC}.Release|Any CPU.ActiveCfg = Release|Any CPU
		{2DE57139-CCDF-467E-BC8F-2E4A7CC413BC}.Release|Any CPU.Build.0 = Release|Any CPU
		{AAD80F88-E221-469E-804C-CD55E58207ED}.Debug|Any CPU.ActiveCfg = Debug|Any CPU
		{AAD80F88-E221-469E-804C-CD55E58207ED}.Debug|Any CPU.Build.0 = Debug|Any CPU
		{AAD80F88-E221-469E-804C-CD55E58207ED}.Release|Any CPU.ActiveCfg = Release|Any CPU
		{AAD80F88-E221-469E-804C-CD55E58207ED}.Release|Any CPU.Build.0 = Release|Any CPU
		{9005B639-24A6-4E42-9881-6FD49BCE4FB9}.Debug|Any CPU.ActiveCfg = Debug|Any CPU
		{9005B639-24A6-4E42-9881-6FD49BCE4FB9}.Debug|Any CPU.Build.0 = Debug|Any CPU
		{9005B639-24A6-4E42-9881-6FD49BCE4FB9}.Release|Any CPU.ActiveCfg = Release|Any CPU
		{9005B639-24A6-4E42-9881-6FD49BCE4FB9}.Release|Any CPU.Build.0 = Release|Any CPU
		{99C27AAC-9E80-4AD1-9606-DBCA2E62E0FD}.Debug|Any CPU.ActiveCfg = Debug|Any CPU
		{99C27AAC-9E80-4AD1-9606-DBCA2E62E0FD}.Debug|Any CPU.Build.0 = Debug|Any CPU
		{99C27AAC-9E80-4AD1-9606-DBCA2E62E0FD}.Release|Any CPU.ActiveCfg = Release|Any CPU
		{99C27AAC-9E80-4AD1-9606-DBCA2E62E0FD}.Release|Any CPU.Build.0 = Release|Any CPU
		{90EEE1AD-7F9B-4D08-BE05-B3F6E31148EE}.Debug|Any CPU.ActiveCfg = Debug|Any CPU
		{90EEE1AD-7F9B-4D08-BE05-B3F6E31148EE}.Debug|Any CPU.Build.0 = Debug|Any CPU
		{90EEE1AD-7F9B-4D08-BE05-B3F6E31148EE}.Release|Any CPU.ActiveCfg = Release|Any CPU
		{90EEE1AD-7F9B-4D08-BE05-B3F6E31148EE}.Release|Any CPU.Build.0 = Release|Any CPU
	EndGlobalSection
	GlobalSection(SolutionProperties) = preSolution
		HideSolutionNode = FALSE
	EndGlobalSection
	GlobalSection(ExtensibilityGlobals) = postSolution
		SolutionGuid = {A5DE6AD8-D0BF-4248-A95E-512086583E5F}
	EndGlobalSection
EndGlobal
